
Microsoft Visual Studio Solution File, Format Version 12.00
# Visual Studio Version 17
VisualStudioVersion = 17.3.32929.385
MinimumVisualStudioVersion = 10.0.40219.1
Project("{9A19103F-16F7-4668-BE54-9A1E7A4F7556}") = "mdi", "mdi.csproj", "{15090235-DEB1-49BB-9140-72B67044BEB4}"
EndProject
Global
	GlobalSection(SolutionConfigurationPlatforms) = preSolution
		Debug|Any CPU = Debug|Any CPU
		Release|Any CPU = Release|Any CPU
	EndGlobalSection
	GlobalSection(ProjectConfigurationPlatforms) = postSolution
		{15090235-DEB1-49BB-9140-72B67044BEB4}.Debug|Any CPU.ActiveCfg = Debug|Any CPU
		{15090235-DEB1-49BB-9140-72B67044BEB4}.Debug|Any CPU.Build.0 = Debug|Any CPU
		{15090235-DEB1-49BB-9140-72B67044BEB4}.Release|Any CPU.ActiveCfg = Release|Any CPU
		{15090235-DEB1-49BB-9140-72B67044BEB4}.Release|Any CPU.Build.0 = Release|Any CPU
	EndGlobalSection
	GlobalSection(SolutionProperties) = preSolution
		HideSolutionNode = FALSE
	EndGlobalSection
	GlobalSection(ExtensibilityGlobals) = postSolution
		SolutionGuid = {D5A37371-F9DD-41A7-8202-362F7B0AD093}
	EndGlobalSection
EndGlobal
